
Microsoft Visual Studio Solution File, Format Version 12.00
# Visual Studio 15
VisualStudioVersion = 15.0.28010.2019
MinimumVisualStudioVersion = 10.0.40219.1
Project("{F184B08F-C81C-45F6-A57F-5ABD9991F28F}") = "CPS613-AlarmClock", "CPS613-AlarmClock\CPS613-AlarmClock.vbproj", "{BDEE90CA-FAE2-4590-93A1-9A1AA707D21F}"
EndProject
Global
	GlobalSection(SolutionConfigurationPlatforms) = preSolution
		Debug|Any CPU = Debug|Any CPU
		Release|Any CPU = Release|Any CPU
	EndGlobalSection
	GlobalSection(ProjectConfigurationPlatforms) = postSolution
		{BDEE90CA-FAE2-4590-93A1-9A1AA707D21F}.Debug|Any CPU.ActiveCfg = Debug|Any CPU
		{BDEE90CA-FAE2-4590-93A1-9A1AA707D21F}.Debug|Any CPU.Build.0 = Debug|Any CPU
		{BDEE90CA-FAE2-4590-93A1-9A1AA707D21F}.Release|Any CPU.ActiveCfg = Release|Any CPU
		{BDEE90CA-FAE2-4590-93A1-9A1AA707D21F}.Release|Any CPU.Build.0 = Release|Any CPU
	EndGlobalSection
	GlobalSection(SolutionProperties) = preSolution
		HideSolutionNode = FALSE
	EndGlobalSection
	GlobalSection(ExtensibilityGlobals) = postSolution
		SolutionGuid = {C68B0158-92D0-4B04-93B6-BB42576F5AD3}
	EndGlobalSection
EndGlobal
